
Microsoft Visual Studio Solution File, Format Version 12.00
# Visual Studio Version 16
VisualStudioVersion = 16.0.30517.126
MinimumVisualStudioVersion = 10.0.40219.1
Project("{FAE04EC0-301F-11D3-BF4B-00C04F79EFBC}") = "ICT526_A2.1_GRP2", "ICT526_A2.1_GRP2\ICT526_A2.1_GRP2.csproj", "{DCD83557-618F-450A-958A-3AFCFE4B37E0}"
EndProject
Global
	GlobalSection(SolutionConfigurationPlatforms) = preSolution
		Debug|Any CPU = Debug|Any CPU
		Release|Any CPU = Release|Any CPU
	EndGlobalSection
	GlobalSection(ProjectConfigurationPlatforms) = postSolution
		{DCD83557-618F-450A-958A-3AFCFE4B37E0}.Debug|Any CPU.ActiveCfg = Debug|Any CPU
		{DCD83557-618F-450A-958A-3AFCFE4B37E0}.Debug|Any CPU.Build.0 = Debug|Any CPU
		{DCD83557-618F-450A-958A-3AFCFE4B37E0}.Release|Any CPU.ActiveCfg = Release|Any CPU
		{DCD83557-618F-450A-958A-3AFCFE4B37E0}.Release|Any CPU.Build.0 = Release|Any CPU
	EndGlobalSection
	GlobalSection(SolutionProperties) = preSolution
		HideSolutionNode = FALSE
	EndGlobalSection
	GlobalSection(ExtensibilityGlobals) = postSolution
		SolutionGuid = {02EF4410-B135-4C13-BA73-1997F4A8D797}
	EndGlobalSection
EndGlobal
